
Microsoft Visual Studio Solution File, Format Version 12.00
# Visual Studio Version 16
VisualStudioVersion = 16.0.30711.63
MinimumVisualStudioVersion = 10.0.40219.1
Project("{FAE04EC0-301F-11D3-BF4B-00C04F79EFBC}") = "CustomList", "CustomList\CustomList.csproj", "{CC771FF5-8790-4503-ADE4-979D7046E6D9}"
EndProject
Project("{FAE04EC0-301F-11D3-BF4B-00C04F79EFBC}") = "CustomListUnitT", "CustomListUnitT\CustomListUnitT.csproj", "{348A7CF1-510C-4A00-B02D-C594126ACA26}"
EndProject
Global
	GlobalSection(SolutionConfigurationPlatforms) = preSolution
		Debug|Any CPU = Debug|Any CPU
		Release|Any CPU = Release|Any CPU
	EndGlobalSection
	GlobalSection(ProjectConfigurationPlatforms) = postSolution
		{CC771FF5-8790-4503-ADE4-979D7046E6D9}.Debug|Any CPU.ActiveCfg = Debug|Any CPU
		{CC771FF5-8790-4503-ADE4-979D7046E6D9}.Debug|Any CPU.Build.0 = Debug|Any CPU
		{CC771FF5-8790-4503-ADE4-979D7046E6D9}.Release|Any CPU.ActiveCfg = Release|Any CPU
		{CC771FF5-8790-4503-ADE4-979D7046E6D9}.Release|Any CPU.Build.0 = Release|Any CPU
		{348A7CF1-510C-4A00-B02D-C594126ACA26}.Debug|Any CPU.ActiveCfg = Debug|Any CPU
		{348A7CF1-510C-4A00-B02D-C594126ACA26}.Debug|Any CPU.Build.0 = Debug|Any CPU
		{348A7CF1-510C-4A00-B02D-C594126ACA26}.Release|Any CPU.ActiveCfg = Release|Any CPU
		{348A7CF1-510C-4A00-B02D-C594126ACA26}.Release|Any CPU.Build.0 = Release|Any CPU
	EndGlobalSection
	GlobalSection(SolutionProperties) = preSolution
		HideSolutionNode = FALSE
	EndGlobalSection
	GlobalSection(ExtensibilityGlobals) = postSolution
		SolutionGuid = {99983A6A-BB0C-4883-8235-4E7568638D16}
	EndGlobalSection
EndGlobal
